{
  "name": "cvirio",
  "version": "1.0.0",
  "lockfileVersion": 1,
  "requires": true,
  "dependencies": {
    "commander": {
      "version": "2.11.0",
      "resolved": "https://registry.npmjs.org/commander/-/commander-2.11.0.tgz",
      "integrity": "sha512-b0553uYA5YAEGgyYIGYROzKQ7X5RAqedkfjiZxwi0kL1g3bOaBNNZfYkzt/CL0umgD5wc9Jec2FbB98CjkMRvQ==",
      "dev": true
    },
    "lodash": {
      "version": "4.17.4",
      "resolved": "https://registry.npmjs.org/lodash/-/lodash-4.17.4.tgz",
      "integrity": "sha1-eCA6TRwyiuHYbcpkYONptX9AVa4="
    },
    "phaser-ce": {
      "version": "2.9.1",
      "resolved": "https://registry.npmjs.org/phaser-ce/-/phaser-ce-2.9.1.tgz",
      "integrity": "sha1-W8zvndq0vWipviJzXQkYe3uXlng="
    },
    "source-map": {
      "version": "0.6.1",
      "resolved": "https://registry.npmjs.org/source-map/-/source-map-0.6.1.tgz",
      "integrity": "sha512-UjgapumWlbMhkBgzT7Ykc5YXUT46F0iKu8SGXq0bcwP5dz/h0Plj6enJqjz1Zbq2l5WaqYnrVbwWOWMyF3F47g==",
      "dev": true
    },
    "uglify-es": {
      "version": "3.1.6",
      "resolved": "https://registry.npmjs.org/uglify-es/-/uglify-es-3.1.6.tgz",
      "integrity": "sha512-7zyH8T4rT3/iLVzNI7Oa8hVQSlv280S8y2/a2EmvEObft3067rdUJJKjBspc70d0HUk1Og1V5Ny4UgZOlZ0hSg==",
      "dev": true,
      "requires": {
        "commander": "2.11.0",
        "source-map": "0.6.1"
      }
    }
  }
}
